// !$*UTF8*$!
{
	archiveVersion = 1;
	classes = {
	};
	objectVersion = 77;
	objects = {

/* Begin PBXBuildFile section */
		ECF94CD2D8B469FC3B3DB13E /* Pods_DrillGym.framework in Frameworks */ = {isa = PBXBuildFile; fileRef = 48B87120A9FB05D4FE968CFD /* Pods_DrillGym.framework */; };
/* End PBXBuildFile section */

/* Begin PBXContainerItemProxy section */
		783C86032EB1468F005786B1 /* PBXContainerItemProxy */ = {
			isa = PBXContainerItemProxy;
			containerPortal = 783C85E12EB1468D005786B1 /* Project object */;
			proxyType = 1;
			remoteGlobalIDString = 783C85E82EB1468D005786B1;
			remoteInfo = DrillGym;
		};
		783C860D2EB1468F005786B1 /* PBXContainerItemProxy */ = {
			isa = PBXContainerItemProxy;
			containerPortal = 783C85E12EB1468D005786B1 /* Project object */;
			proxyType = 1;
			remoteGlobalIDString = 783C85E82EB1468D005786B1;
			remoteInfo = DrillGym;
		};
/* End PBXContainerItemProxy section */

/* Begin PBXFileReference section */
		48B87120A9FB05D4FE968CFD /* Pods_DrillGym.framework */ = {isa = PBXFileReference; explicitFileType = wrapper.framework; includeInIndex = 0; path = Pods_DrillGym.framework; sourceTree = BUILT_PRODUCTS_DIR; };
		783C85E92EB1468D005786B1 /* DrillGym.app */ = {isa = PBXFileReference; explicitFileType = wrapper.application; includeInIndex = 0; path = DrillGym.app; sourceTree = BUILT_PRODUCTS_DIR; };
		783C86022EB1468F005786B1 /* DrillGymTests.xctest */ = {isa = PBXFileReference; explicitFileType = wrapper.cfbundle; includeInIndex = 0; path = DrillGymTests.xctest; sourceTree = BUILT_PRODUCTS_DIR; };
		783C860C2EB1468F005786B1 /* DrillGymUITests.xctest */ = {isa = PBXFileReference; explicitFileType = wrapper.cfbundle; includeInIndex = 0; path = DrillGymUITests.xctest; sourceTree = BUILT_PRODUCTS_DIR; };
		7F820705E99DC6027EEC485D /* Pods-DrillGym.debug.xcconfig */ = {isa = PBXFileReference; includeInIndex = 1; lastKnownFileType = text.xcconfig; name = "Pods-DrillGym.debug.xcconfig"; path = "Target Support Files/Pods-DrillGym/Pods-DrillGym.debug.xcconfig"; sourceTree = "<group>"; };
		A2624A7507A287018EC5B0EC /* Pods-DrillGym.release.xcconfig */ = {isa = PBXFileReference; includeInIndex = 1; lastKnownFileType = text.xcconfig; name = "Pods-DrillGym.release.xcconfig"; path = "Target Support Files/Pods-DrillGym/Pods-DrillGym.release.xcconfig"; sourceTree = "<group>"; };
/* End PBXFileReference section */

/* Begin PBXFileSystemSynchronizedBuildFileExceptionSet section */
		783C86142EB1468F005786B1 /* Exceptions for "DrillGym" folder in "DrillGym" target */ = {
			isa = PBXFileSystemSynchronizedBuildFileExceptionSet;
			membershipExceptions = (
				Info.plist,
			);
			target = 783C85E82EB1468D005786B1 /* DrillGym */;
		};
/* End PBXFileSystemSynchronizedBuildFileExceptionSet section */

/* Begin PBXFileSystemSynchronizedRootGroup section */
		783C85EB2EB1468D005786B1 /* DrillGym */ = {
			isa = PBXFileSystemSynchronizedRootGroup;
			exceptions = (
				783C86142EB1468F005786B1 /* Exceptions for "DrillGym" folder in "DrillGym" target */,
			);
			path = DrillGym;
			sourceTree = "<group>";
		};
		783C86052EB1468F005786B1 /* DrillGymTests */ = {
			isa = PBXFileSystemSynchronizedRootGroup;
			path = DrillGymTests;
			sourceTree = "<group>";
		};
		783C860F2EB1468F005786B1 /* DrillGymUITests */ = {
			isa = PBXFileSystemSynchronizedRootGroup;
			path = DrillGymUITests;
			sourceTree = "<group>";
		};
/* End PBXFileSystemSynchronizedRootGroup section */

/* Begin PBXFrameworksBuildPhase section */
		783C85E62EB1468D005786B1 /* Frameworks */ = {
			isa = PBXFrameworksBuildPhase;
			buildActionMask = 2147483647;
			files = (
				ECF94CD2D8B469FC3B3DB13E /* Pods_DrillGym.framework in Frameworks */,
			);
			runOnlyForDeploymentPostprocessing = 0;
		};
		783C85FF2EB1468F005786B1 /* Frameworks */ = {
			isa = PBXFrameworksBuildPhase;
			buildActionMask = 2147483647;
			files = (
			);
			runOnlyForDeploymentPostprocessing = 0;
		};
		783C86092EB1468F005786B1 /* Frameworks */ = {
			isa = PBXFrameworksBuildPhase;
			buildActionMask = 2147483647;
			files = (
			);
			runOnlyForDeploymentPostprocessing = 0;
		};
/* End PBXFrameworksBuildPhase section */

/* Begin PBXGroup section */
		146B1B95C289435EBEB39D75 /* Pods */ = {
			isa = PBXGroup;
			children = (
				7F820705E99DC6027EEC485D /* Pods-DrillGym.debug.xcconfig */,
				A2624A7507A287018EC5B0EC /* Pods-DrillGym.release.xcconfig */,
			);
			path = Pods;
			sourceTree = "<group>";
		};
		2FCACE8E1078FD457E3216F4 /* Frameworks */ = {
			isa = PBXGroup;
			children = (
				48B87120A9FB05D4FE968CFD /* Pods_DrillGym.framework */,
			);
			name = Frameworks;
			sourceTree = "<group>";
		};
		783C85E02EB1468D005786B1 = {
			isa = PBXGroup;
			children = (
				783C85EB2EB1468D005786B1 /* DrillGym */,
				783C86052EB1468F005786B1 /* DrillGymTests */,
				783C860F2EB1468F005786B1 /* DrillGymUITests */,
				783C85EA2EB1468D005786B1 /* Products */,
				146B1B95C289435EBEB39D75 /* Pods */,
				2FCACE8E1078FD457E3216F4 /* Frameworks */,
			);
			sourceTree = "<group>";
		};
		783C85EA2EB1468D005786B1 /* Products */ = {
			isa = PBXGroup;
			children = (
				783C85E92EB1468D005786B1 /* DrillGym.app */,
				783C86022EB1468F005786B1 /* DrillGymTests.xctest */,
				783C860C2EB1468F005786B1 /* DrillGymUITests.xctest */,
			);
			name = Products;
			sourceTree = "<group>";
		};
/* End PBXGroup section */

/* Begin PBXNativeTarget section */
		783C85E82EB1468D005786B1 /* DrillGym */ = {
			isa = PBXNativeTarget;
			buildConfigurationList = 783C86152EB1468F005786B1 /* Build configuration list for PBXNativeTarget "DrillGym" */;
			buildPhases = (
				127A1CB441EE10C33BAD9D96 /* [CP] Check Pods Manifest.lock */,
				783C85E52EB1468D005786B1 /* Sources */,
				783C85E62EB1468D005786B1 /* Frameworks */,
				783C85E72EB1468D005786B1 /* Resources */,
				14D9058EC9A50F486F47CCE2 /* [CP] Embed Pods Frameworks */,
			);
			buildRules = (
			);
			dependencies = (
			);
			fileSystemSynchronizedGroups = (
				783C85EB2EB1468D005786B1 /* DrillGym */,
			);
			name = DrillGym;
			productName = DrillGym;
			productReference = 783C85E92EB1468D005786B1 /* DrillGym.app */;
			productType = "com.apple.product-type.application";
		};
		783C86012EB1468F005786B1 /* DrillGymTests */ = {
			isa = PBXNativeTarget;
			buildConfigurationList = 783C861A2EB1468F005786B1 /* Build configuration list for PBXNativeTarget "DrillGymTests" */;
			buildPhases = (
				783C85FE2EB1468F005786B1 /* Sources */,
				783C85FF2EB1468F005786B1 /* Frameworks */,
				783C86002EB1468F005786B1 /* Resources */,
			);
			buildRules = (
			);
			dependencies = (
				783C86042EB1468F005786B1 /* PBXTargetDependency */,
			);
			fileSystemSynchronizedGroups = (
				783C86052EB1468F005786B1 /* DrillGymTests */,
			);
			name = DrillGymTests;
			productName = DrillGymTests;
			productReference = 783C86022EB1468F005786B1 /* DrillGymTests.xctest */;
			productType = "com.apple.product-type.bundle.unit-test";
		};
		783C860B2EB1468F005786B1 /* DrillGymUITests */ = {
			isa = PBXNativeTarget;
			buildConfigurationList = 783C861D2EB1468F005786B1 /* Build configuration list for PBXNativeTarget "DrillGymUITests" */;
			buildPhases = (
				783C86082EB1468F005786B1 /* Sources */,
				783C86092EB1468F005786B1 /* Frameworks */,
				783C860A2EB1468F005786B1 /* Resources */,
			);
			buildRules = (
			);
			dependencies = (
				783C860E2EB1468F005786B1 /* PBXTargetDependency */,
			);
			fileSystemSynchronizedGroups = (
				783C860F2EB1468F005786B1 /* DrillGymUITests */,
			);
			name = DrillGymUITests;
			productName = DrillGymUITests;
			productReference = 783C860C2EB1468F005786B1 /* DrillGymUITests.xctest */;
			productType = "com.apple.product-type.bundle.ui-testing";
		};
/* End PBXNativeTarget section */

/* Begin PBXProject section */
		783C85E12EB1468D005786B1 /* Project object */ = {
			isa = PBXProject;
			attributes = {
				BuildIndependentTargetsInParallel = 1;
				LastSwiftUpdateCheck = 2600;
				LastUpgradeCheck = 2600;
				TargetAttributes = {
					783C85E82EB1468D005786B1 = {
						CreatedOnToolsVersion = 26.0.1;
					};
					783C86012EB1468F005786B1 = {
						CreatedOnToolsVersion = 26.0.1;
						TestTargetID = 783C85E82EB1468D005786B1;
					};
					783C860B2EB1468F005786B1 = {
						CreatedOnToolsVersion = 26.0.1;
						TestTargetID = 783C85E82EB1468D005786B1;
					};
				};
			};
			buildConfigurationList = 783C85E42EB1468D005786B1 /* Build configuration list for PBXProject "DrillGym" */;
			developmentRegion = en;
			hasScannedForEncodings = 0;
			knownRegions = (
				en,
				Base,
			);
			mainGroup = 783C85E02EB1468D005786B1;
			minimizedProjectReferenceProxies = 1;
			preferredProjectObjectVersion = 77;
			productRefGroup = 783C85EA2EB1468D005786B1 /* Products */;
			projectDirPath = "";
			projectRoot = "";
			targets = (
				783C85E82EB1468D005786B1 /* DrillGym */,
				783C86012EB1468F005786B1 /* DrillGymTests */,
				783C860B2EB1468F005786B1 /* DrillGymUITests */,
			);
		};
/* End PBXProject section */

/* Begin PBXResourcesBuildPhase section */
		783C85E72EB1468D005786B1 /* Resources */ = {
			isa = PBXResourcesBuildPhase;
			buildActionMask = 2147483647;
			files = (
			);
			runOnlyForDeploymentPostprocessing = 0;
		};
		783C86002EB1468F005786B1 /* Resources */ = {
			isa = PBXResourcesBuildPhase;
			buildActionMask = 2147483647;
			files = (
			);
			runOnlyForDeploymentPostprocessing = 0;
		};
		783C860A2EB1468F005786B1 /* Resources */ = {
			isa = PBXResourcesBuildPhase;
			buildActionMask = 2147483647;
			files = (
			);
			runOnlyForDeploymentPostprocessing = 0;
		};
/* End PBXResourcesBuildPhase section */

/* Begin PBXShellScriptBuildPhase section */
		127A1CB441EE10C33BAD9D96 /* [CP] Check Pods Manifest.lock */ = {
			isa = PBXShellScriptBuildPhase;
			buildActionMask = 2147483647;
			files = (
			);
			inputFileListPaths = (
			);
			inputPaths = (
				"${PODS_PODFILE_DIR_PATH}/Podfile.lock",
				"${PODS_ROOT}/Manifest.lock",
			);
			name = "[CP] Check Pods Manifest.lock";
			outputFileListPaths = (
			);
			outputPaths = (
				"$(DERIVED_FILE_DIR)/Pods-DrillGym-checkManifestLockResult.txt",
			);
			runOnlyForDeploymentPostprocessing = 0;
			shellPath = /bin/sh;
			shellScript = "diff \"${PODS_PODFILE_DIR_PATH}/Podfile.lock\" \"${PODS_ROOT}/Manifest.lock\" > /dev/null\nif [ $? != 0 ] ; then\n    # print error to STDERR\n    echo \"error: The sandbox is not in sync with the Podfile.lock. Run 'pod install' or update your CocoaPods installation.\" >&2\n    exit 1\nfi\n# This output is used by Xcode 'outputs' to avoid re-running this script phase.\necho \"SUCCESS\" > \"${SCRIPT_OUTPUT_FILE_0}\"\n";
			showEnvVarsInLog = 0;
		};
		14D9058EC9A50F486F47CCE2 /* [CP] Embed Pods Frameworks */ = {
			isa = PBXShellScriptBuildPhase;
			buildActionMask = 2147483647;
			files = (
			);
			inputFileListPaths = (
				"${PODS_ROOT}/Target Support Files/Pods-DrillGym/Pods-DrillGym-frameworks-${CONFIGURATION}-input-files.xcfilelist",
			);
			inputPaths = (
			);
			name = "[CP] Embed Pods Frameworks";
			outputFileListPaths = (
				"${PODS_ROOT}/Target Support Files/Pods-DrillGym/Pods-DrillGym-frameworks-${CONFIGURATION}-output-files.xcfilelist",
			);
			outputPaths = (
			);
			runOnlyForDeploymentPostprocessing = 0;
			shellPath = /bin/sh;
			shellScript = "\"${PODS_ROOT}/Target Support Files/Pods-DrillGym/Pods-DrillGym-frameworks.sh\"\n";
			showEnvVarsInLog = 0;
		};
/* End PBXShellScriptBuildPhase section */

/* Begin PBXSourcesBuildPhase section */
		783C85E52EB1468D005786B1 /* Sources */ = {
			isa = PBXSourcesBuildPhase;
			buildActionMask = 2147483647;
			files = (
			);
			runOnlyForDeploymentPostprocessing = 0;
		};
		783C85FE2EB1468F005786B1 /* Sources */ = {
			isa = PBXSourcesBuildPhase;
			buildActionMask = 2147483647;
			files = (
			);
			runOnlyForDeploymentPostprocessing = 0;
		};
		783C86082EB1468F005786B1 /* Sources */ = {
			isa = PBXSourcesBuildPhase;
			buildActionMask = 2147483647;
			files = (
			);
			runOnlyForDeploymentPostprocessing = 0;
		};
/* End PBXSourcesBuildPhase section */

/* Begin PBXTargetDependency section */
		783C86042EB1468F005786B1 /* PBXTargetDependency */ = {
			isa = PBXTargetDependency;
			target = 783C85E82EB1468D005786B1 /* DrillGym */;
			targetProxy = 783C86032EB1468F005786B1 /* PBXContainerItemProxy */;
		};
		783C860E2EB1468F005786B1 /* PBXTargetDependency */ = {
			isa = PBXTargetDependency;
			target = 783C85E82EB1468D005786B1 /* DrillGym */;
			targetProxy = 783C860D2EB1468F005786B1 /* PBXContainerItemProxy */;
		};
/* End PBXTargetDependency section */

/* Begin XCBuildConfiguration section */
		783C86162EB1468F005786B1 /* Debug */ = {
			isa = XCBuildConfiguration;
			baseConfigurationReference = 7F820705E99DC6027EEC485D /* Pods-DrillGym.debug.xcconfig */;
			buildSettings = {
				ASSETCATALOG_COMPILER_APPICON_NAME = AppIcon;
				ASSETCATALOG_COMPILER_GLOBAL_ACCENT_COLOR_NAME = AccentColor;
				CODE_SIGN_STYLE = Automatic;
				CURRENT_PROJECT_VERSION = 1;
				DEVELOPMENT_TEAM = KPZAPMV46R;
				ENABLE_USER_SCRIPT_SANDBOXING = NO;
				GENERATE_INFOPLIST_FILE = YES;
				INFOPLIST_FILE = DrillGym/Info.plist;
				INFOPLIST_KEY_UIApplicationSupportsIndirectInputEvents = YES;
				INFOPLIST_KEY_UILaunchStoryboardName = LaunchScreen;
				INFOPLIST_KEY_UIMainStoryboardFile = Main;
				INFOPLIST_KEY_UISupportedInterfaceOrientations_iPad = "UIInterfaceOrientationPortrait UIInterfaceOrientationPortraitUpsideDown UIInterfaceOrientationLandscapeLeft UIInterfaceOrientationLandscapeRight";
				INFOPLIST_KEY_UISupportedInterfaceOrientations_iPhone = "UIInterfaceOrientationPortrait UIInterfaceOrientationLandscapeLeft UIInterfaceOrientationLandscapeRight";
				LD_RUNPATH_SEARCH_PATHS = (
					"$(inherited)",
					"@executable_path/Frameworks",
				);
				MARKETING_VERSION = 1.0;
				PRODUCT_BUNDLE_IDENTIFIER = com.drillcorp.DrillGym;
				PRODUCT_NAME = "$(TARGET_NAME)";
				STRING_CATALOG_GENERATE_SYMBOLS = YES;
				SWIFT_APPROACHABLE_CONCURRENCY = YES;
				SWIFT_DEFAULT_ACTOR_ISOLATION = MainActor;
				SWIFT_EMIT_LOC_STRINGS = YES;
				SWIFT_UPCOMING_FEATURE_MEMBER_IMPORT_VISIBILITY = YES;
				SWIFT_VERSION = 6.0;
				TARGETED_DEVICE_FAMILY = "1,2";
			};
			name = Debug;
		};
		783C86172EB1468F005786B1 /* Release */ = {
			isa = XCBuildConfiguration;
			baseConfigurationReference = A2624A7507A287018EC5B0EC /* Pods-DrillGym.release.xcconfig */;
			buildSettings = {
				ASSETCATALOG_COMPILER_APPICON_NAME = AppIcon;
				ASSETCATALOG_COMPILER_GLOBAL_ACCENT_COLOR_NAME = AccentColor;
				CODE_SIGN_STYLE = Automatic;
				CURRENT_PROJECT_VERSION = 1;
				DEVELOPMENT_TEAM = KPZAPMV46R;
				ENABLE_USER_SCRIPT_SANDBOXING = NO;
				GENERATE_INFOPLIST_FILE = YES;
				INFOPLIST_FILE = DrillGym/Info.plist;
				INFOPLIST_KEY_UIApplicationSupportsIndirectInputEvents = YES;
				INFOPLIST_KEY_UILaunchStoryboardName = LaunchScreen;
				INFOPLIST_KEY_UIMainStoryboardFile = Main;
				INFOPLIST_KEY_UISupportedInterfaceOrientations_iPad = "UIInterfaceOrientationPortrait UIInterfaceOrientationPortraitUpsideDown UIInterfaceOrientationLandscapeLeft UIInterfaceOrientationLandscapeRight";
				INFOPLIST_KEY_UISupportedInterfaceOrientations_iPhone = "UIInterfaceOrientationPortrait UIInterfaceOrientationLandscapeLeft UIInterfaceOrientationLandscapeRight";
				LD_RUNPATH_SEARCH_PATHS = (
					"$(inherited)",
					"@executable_path/Frameworks",
				);
				MARKETING_VERSION = 1.0;
				PRODUCT_BUNDLE_IDENTIFIER = com.drillcorp.DrillGym;
				PRODUCT_NAME = "$(TARGET_NAME)";
				STRING_CATALOG_GENERATE_SYMBOLS = YES;
				SWIFT_APPROACHABLE_CONCURRENCY = YES;
				SWIFT_DEFAULT_ACTOR_ISOLATION = MainActor;
				SWIFT_EMIT_LOC_STRINGS = YES;
				SWIFT_UPCOMING_FEATURE_MEMBER_IMPORT_VISIBILITY = YES;
				SWIFT_VERSION = 6.0;
				TARGETED_DEVICE_FAMILY = "1,2";
			};
			name = Release;
		};
		783C86182EB1468F005786B1 /* Debug */ = {
			isa = XCBuildConfiguration;
			buildSettings = {
				ALWAYS_SEARCH_USER_PATHS = NO;
				ASSETCATALOG_COMPILER_GENERATE_SWIFT_ASSET_SYMBOL_EXTENSIONS = YES;
				CLANG_ANALYZER_NONNULL = YES;
				CLANG_ANALYZER_NUMBER_OBJECT_CONVERSION = YES_AGGRESSIVE;
				CLANG_CXX_LANGUAGE_STANDARD = "gnu++20";
				CLANG_ENABLE_MODULES = YES;
				CLANG_ENABLE_OBJC_ARC = YES;
				CLANG_ENABLE_OBJC_WEAK = YES;
				CLANG_WARN_BLOCK_CAPTURE_AUTORELEASING = YES;
				CLANG_WARN_BOOL_CONVERSION = YES;
				CLANG_WARN_COMMA = YES;
				CLANG_WARN_CONSTANT_CONVERSION = YES;
				CLANG_WARN_DEPRECATED_OBJC_IMPLEMENTATIONS = YES;
				CLANG_WARN_DIRECT_OBJC_ISA_USAGE = YES_ERROR;
				CLANG_WARN_DOCUMENTATION_COMMENTS = YES;
				CLANG_WARN_EMPTY_BODY = YES;
				CLANG_WARN_ENUM_CONVERSION = YES;
				CLANG_WARN_INFINITE_RECURSION = YES;
				CLANG_WARN_INT_CONVERSION = YES;
				CLANG_WARN_NON_LITERAL_NULL_CONVERSION = YES;
				CLANG_WARN_OBJC_IMPLICIT_RETAIN_SELF = YES;
				CLANG_WARN_OBJC_LITERAL_CONVERSION = YES;
				CLANG_WARN_OBJC_ROOT_CLASS = YES_ERROR;
				CLANG_WARN_QUOTED_INCLUDE_IN_FRAMEWORK_HEADER = YES;
				CLANG_WARN_RANGE_LOOP_ANALYSIS = YES;
				CLANG_WARN_STRICT_PROTOTYPES = YES;
				CLANG_WARN_SUSPICIOUS_MOVE = YES;
				CLANG_WARN_UNGUARDED_AVAILABILITY = YES_AGGRESSIVE;
				CLANG_WARN_UNREACHABLE_CODE = YES;
				CLANG_WARN__DUPLICATE_METHOD_MATCH = YES;
				COPY_PHASE_STRIP = NO;
				DEBUG_INFORMATION_FORMAT = dwarf;
				DEVELOPMENT_TEAM = KPZAPMV46R;
				ENABLE_STRICT_OBJC_MSGSEND = YES;
				ENABLE_TESTABILITY = YES;
				ENABLE_USER_SCRIPT_SANDBOXING = YES;
				GCC_C_LANGUAGE_STANDARD = gnu17;
				GCC_DYNAMIC_NO_PIC = NO;
				GCC_NO_COMMON_BLOCKS = YES;
				GCC_OPTIMIZATION_LEVEL = 0;
				GCC_PREPROCESSOR_DEFINITIONS = (
					"DEBUG=1",
					"$(inherited)",
				);
				GCC_WARN_64_TO_32_BIT_CONVERSION = YES;
				GCC_WARN_ABOUT_RETURN_TYPE = YES_ERROR;
				GCC_WARN_UNDECLARED_SELECTOR = YES;
				GCC_WARN_UNINITIALIZED_AUTOS = YES_AGGRESSIVE;
				GCC_WARN_UNUSED_FUNCTION = YES;
				GCC_WARN_UNUSED_VARIABLE = YES;
				IPHONEOS_DEPLOYMENT_TARGET = 26.0;
				LOCALIZATION_PREFERS_STRING_CATALOGS = YES;
				MTL_ENABLE_DEBUG_INFO = INCLUDE_SOURCE;
				MTL_FAST_MATH = YES;
				ONLY_ACTIVE_ARCH = YES;
				SDKROOT = iphoneos;
				SWIFT_ACTIVE_COMPILATION_CONDITIONS = "DEBUG $(inherited)";
				SWIFT_OPTIMIZATION_LEVEL = "-Onone";
			};
			name = Debug;
		};
		783C86192EB1468F005786B1 /* Release */ = {
			isa = XCBuildConfiguration;
			buildSettings = {
				ALWAYS_SEARCH_USER_PATHS = NO;
				ASSETCATALOG_COMPILER_GENERATE_SWIFT_ASSET_SYMBOL_EXTENSIONS = YES;
				CLANG_ANALYZER_NONNULL = YES;
				CLANG_ANALYZER_NUMBER_OBJECT_CONVERSION = YES_AGGRESSIVE;
				CLANG_CXX_LANGUAGE_STANDARD = "gnu++20";
				CLANG_ENABLE_MODULES = YES;
				CLANG_ENABLE_OBJC_ARC = YES;
				CLANG_ENABLE_OBJC_WEAK = YES;
				CLANG_WARN_BLOCK_CAPTURE_AUTORELEASING = YES;
				CLANG_WARN_BOOL_CONVERSION = YES;
				CLANG_WARN_COMMA = YES;
				CLANG_WARN_CONSTANT_CONVERSION = YES;
				CLANG_WARN_DEPRECATED_OBJC_IMPLEMENTATIONS = YES;
				CLANG_WARN_DIRECT_OBJC_ISA_USAGE = YES_ERROR;
				CLANG_WARN_DOCUMENTATION_COMMENTS = YES;
				CLANG_WARN_EMPTY_BODY = YES;
				CLANG_WARN_ENUM_CONVERSION = YES;
				CLANG_WARN_INFINITE_RECURSION = YES;
				CLANG_WARN_INT_CONVERSION = YES;
				CLANG_WARN_NON_LITERAL_NULL_CONVERSION = YES;
				CLANG_WARN_OBJC_IMPLICIT_RETAIN_SELF = YES;
				CLANG_WARN_OBJC_LITERAL_CONVERSION = YES;
				CLANG_WARN_OBJC_ROOT_CLASS = YES_ERROR;
				CLANG_WARN_QUOTED_INCLUDE_IN_FRAMEWORK_HEADER = YES;
				CLANG_WARN_RANGE_LOOP_ANALYSIS = YES;
				CLANG_WARN_STRICT_PROTOTYPES = YES;
				CLANG_WARN_SUSPICIOUS_MOVE = YES;
				CLANG_WARN_UNGUARDED_AVAILABILITY = YES_AGGRESSIVE;
				CLANG_WARN_UNREACHABLE_CODE = YES;
				CLANG_WARN__DUPLICATE_METHOD_MATCH = YES;
				COPY_PHASE_STRIP = NO;
				DEBUG_INFORMATION_FORMAT = "dwarf-with-dsym";
				DEVELOPMENT_TEAM = KPZAPMV46R;
				ENABLE_NS_ASSERTIONS = NO;
				ENABLE_STRICT_OBJC_MSGSEND = YES;
				ENABLE_USER_SCRIPT_SANDBOXING = YES;
				GCC_C_LANGUAGE_STANDARD = gnu17;
				GCC_NO_COMMON_BLOCKS = YES;
				GCC_WARN_64_TO_32_BIT_CONVERSION = YES;
				GCC_WARN_ABOUT_RETURN_TYPE = YES_ERROR;
				GCC_WARN_UNDECLARED_SELECTOR = YES;
				GCC_WARN_UNINITIALIZED_AUTOS = YES_AGGRESSIVE;
				GCC_WARN_UNUSED_FUNCTION = YES;
				GCC_WARN_UNUSED_VARIABLE = YES;
				IPHONEOS_DEPLOYMENT_TARGET = 26.0;
				LOCALIZATION_PREFERS_STRING_CATALOGS = YES;
				MTL_ENABLE_DEBUG_INFO = NO;
				MTL_FAST_MATH = YES;
				SDKROOT = iphoneos;
				SWIFT_COMPILATION_MODE = wholemodule;
				VALIDATE_PRODUCT = YES;
			};
			name = Release;
		};
		783C861B2EB1468F005786B1 /* Debug */ = {
			isa = XCBuildConfiguration;
			buildSettings = {
				BUNDLE_LOADER = "$(TEST_HOST)";
				CODE_SIGN_STYLE = Automatic;
				CURRENT_PROJECT_VERSION = 1;
				DEVELOPMENT_TEAM = KPZAPMV46R;
				GENERATE_INFOPLIST_FILE = YES;
				IPHONEOS_DEPLOYMENT_TARGET = 26.0;
				MARKETING_VERSION = 1.0;
				PRODUCT_BUNDLE_IDENTIFIER = com.drillcorp.DrillGymTests;
				PRODUCT_NAME = "$(TARGET_NAME)";
				STRING_CATALOG_GENERATE_SYMBOLS = NO;
				SWIFT_APPROACHABLE_CONCURRENCY = YES;
				SWIFT_EMIT_LOC_STRINGS = NO;
				SWIFT_UPCOMING_FEATURE_MEMBER_IMPORT_VISIBILITY = YES;
				SWIFT_VERSION = 5.0;
				TARGETED_DEVICE_FAMILY = "1,2";
				TEST_HOST = "$(BUILT_PRODUCTS_DIR)/DrillGym.app/$(BUNDLE_EXECUTABLE_FOLDER_PATH)/DrillGym";
			};
			name = Debug;
		};
		783C861C2EB1468F005786B1 /* Release */ = {
			isa = XCBuildConfiguration;
			buildSettings = {
				BUNDLE_LOADER = "$(TEST_HOST)";
				CODE_SIGN_STYLE = Automatic;
				CURRENT_PROJECT_VERSION = 1;
				DEVELOPMENT_TEAM = KPZAPMV46R;
				GENERATE_INFOPLIST_FILE = YES;
				IPHONEOS_DEPLOYMENT_TARGET = 26.0;
				MARKETING_VERSION = 1.0;
				PRODUCT_BUNDLE_IDENTIFIER = com.drillcorp.DrillGymTests;
				PRODUCT_NAME = "$(TARGET_NAME)";
				STRING_CATALOG_GENERATE_SYMBOLS = NO;
				SWIFT_APPROACHABLE_CONCURRENCY = YES;
				SWIFT_EMIT_LOC_STRINGS = NO;
				SWIFT_UPCOMING_FEATURE_MEMBER_IMPORT_VISIBILITY = YES;
				SWIFT_VERSION = 5.0;
				TARGETED_DEVICE_FAMILY = "1,2";
				TEST_HOST = "$(BUILT_PRODUCTS_DIR)/DrillGym.app/$(BUNDLE_EXECUTABLE_FOLDER_PATH)/DrillGym";
			};
			name = Release;
		};
		783C861E2EB1468F005786B1 /* Debug */ = {
			isa = XCBuildConfiguration;
			buildSettings = {
				CODE_SIGN_STYLE = Automatic;
				CURRENT_PROJECT_VERSION = 1;
				DEVELOPMENT_TEAM = KPZAPMV46R;
				GENERATE_INFOPLIST_FILE = YES;
				MARKETING_VERSION = 1.0;
				PRODUCT_BUNDLE_IDENTIFIER = com.drillcorp.DrillGymUITests;
				PRODUCT_NAME = "$(TARGET_NAME)";
				STRING_CATALOG_GENERATE_SYMBOLS = NO;
				SWIFT_APPROACHABLE_CONCURRENCY = YES;
				SWIFT_EMIT_LOC_STRINGS = NO;
				SWIFT_UPCOMING_FEATURE_MEMBER_IMPORT_VISIBILITY = YES;
				SWIFT_VERSION = 5.0;
				TARGETED_DEVICE_FAMILY = "1,2";
				TEST_TARGET_NAME = DrillGym;
			};
			name = Debug;
		};
		783C861F2EB1468F005786B1 /* Release */ = {
			isa = XCBuildConfiguration;
			buildSettings = {
				CODE_SIGN_STYLE = Automatic;
				CURRENT_PROJECT_VERSION = 1;
				DEVELOPMENT_TEAM = KPZAPMV46R;
				GENERATE_INFOPLIST_FILE = YES;
				MARKETING_VERSION = 1.0;
				PRODUCT_BUNDLE_IDENTIFIER = com.drillcorp.DrillGymUITests;
				PRODUCT_NAME = "$(TARGET_NAME)";
				STRING_CATALOG_GENERATE_SYMBOLS = NO;
				SWIFT_APPROACHABLE_CONCURRENCY = YES;
				SWIFT_EMIT_LOC_STRINGS = NO;
				SWIFT_UPCOMING_FEATURE_MEMBER_IMPORT_VISIBILITY = YES;
				SWIFT_VERSION = 5.0;
				TARGETED_DEVICE_FAMILY = "1,2";
				TEST_TARGET_NAME = DrillGym;
			};
			name = Release;
		};
/* End XCBuildConfiguration section */

/* Begin XCConfigurationList section */
		783C85E42EB1468D005786B1 /* Build configuration list for PBXProject "DrillGym" */ = {
			isa = XCConfigurationList;
			buildConfigurations = (
				783C86182EB1468F005786B1 /* Debug */,
				783C86192EB1468F005786B1 /* Release */,
			);
			defaultConfigurationIsVisible = 0;
			defaultConfigurationName = Release;
		};
		783C86152EB1468F005786B1 /* Build configuration list for PBXNativeTarget "DrillGym" */ = {
			isa = XCConfigurationList;
			buildConfigurations = (
				783C86162EB1468F005786B1 /* Debug */,
				783C86172EB1468F005786B1 /* Release */,
			);
			defaultConfigurationIsVisible = 0;
			defaultConfigurationName = Release;
		};
		783C861A2EB1468F005786B1 /* Build configuration list for PBXNativeTarget "DrillGymTests" */ = {
			isa = XCConfigurationList;
			buildConfigurations = (
				783C861B2EB1468F005786B1 /* Debug */,
				783C861C2EB1468F005786B1 /* Release */,
			);
			defaultConfigurationIsVisible = 0;
			defaultConfigurationName = Release;
		};
		783C861D2EB1468F005786B1 /* Build configuration list for PBXNativeTarget "DrillGymUITests" */ = {
			isa = XCConfigurationList;
			buildConfigurations = (
				783C861E2EB1468F005786B1 /* Debug */,
				783C861F2EB1468F005786B1 /* Release */,
			);
			defaultConfigurationIsVisible = 0;
			defaultConfigurationName = Release;
		};
/* End XCConfigurationList section */
	};
	rootObject = 783C85E12EB1468D005786B1 /* Project object */;
}
